
Microsoft Visual Studio Solution File, Format Version 12.00
# Visual Studio 15
Project("{FAE04EC0-301F-11D3-BF4B-00C04F79EFBC}") = "Baldi math class", "Assembly-CSharp.csproj", "{67BB5C75-78A6-6C4D-7AC1-123F3D3A9E30}"
EndProject
Project("{FAE04EC0-301F-11D3-BF4B-00C04F79EFBC}") = "Baldi math class", "Assembly-CSharp-firstpass.csproj", "{0ED88579-AAFE-3004-4299-05B9B504E76E}"
EndProject
Project("{FAE04EC0-301F-11D3-BF4B-00C04F79EFBC}") = "Baldi math class", "Assembly-CSharp-Editor-firstpass.csproj", "{E7E4049A-44AE-C73D-D089-1C6636EC36CC}"
EndProject
Global
	GlobalSection(SolutionConfigurationPlatforms) = preSolution
		Debug|Any CPU = Debug|Any CPU
		Release|Any CPU = Release|Any CPU
	EndGlobalSection
	GlobalSection(ProjectConfigurationPlatforms) = postSolution
		{67BB5C75-78A6-6C4D-7AC1-123F3D3A9E30}.Debug|Any CPU.ActiveCfg = Debug|Any CPU
		{67BB5C75-78A6-6C4D-7AC1-123F3D3A9E30}.Debug|Any CPU.Build.0 = Debug|Any CPU
		{67BB5C75-78A6-6C4D-7AC1-123F3D3A9E30}.Release|Any CPU.ActiveCfg = Release|Any CPU
		{67BB5C75-78A6-6C4D-7AC1-123F3D3A9E30}.Release|Any CPU.Build.0 = Release|Any CPU
		{0ED88579-AAFE-3004-4299-05B9B504E76E}.Debug|Any CPU.ActiveCfg = Debug|Any CPU
		{0ED88579-AAFE-3004-4299-05B9B504E76E}.Debug|Any CPU.Build.0 = Debug|Any CPU
		{0ED88579-AAFE-3004-4299-05B9B504E76E}.Release|Any CPU.ActiveCfg = Release|Any CPU
		{0ED88579-AAFE-3004-4299-05B9B504E76E}.Release|Any CPU.Build.0 = Release|Any CPU
		{E7E4049A-44AE-C73D-D089-1C6636EC36CC}.Debug|Any CPU.ActiveCfg = Debug|Any CPU
		{E7E4049A-44AE-C73D-D089-1C6636EC36CC}.Debug|Any CPU.Build.0 = Debug|Any CPU
		{E7E4049A-44AE-C73D-D089-1C6636EC36CC}.Release|Any CPU.ActiveCfg = Release|Any CPU
		{E7E4049A-44AE-C73D-D089-1C6636EC36CC}.Release|Any CPU.Build.0 = Release|Any CPU
	EndGlobalSection
	GlobalSection(SolutionProperties) = preSolution
		HideSolutionNode = FALSE
	EndGlobalSection
EndGlobal
